// !$*UTF8*$!
{
	archiveVersion = 1;
	classes = {
	};
	objectVersion = 55;
	objects = {

/* Begin PBXBuildFile section */
		189F70B8287D756100BAEDBE /* AppDelegate.swift in Sources */ = {isa = PBXBuildFile; fileRef = 189F70B7287D756100BAEDBE /* AppDelegate.swift */; };
		189F70BA287D756100BAEDBE /* SceneDelegate.swift in Sources */ = {isa = PBXBuildFile; fileRef = 189F70B9287D756100BAEDBE /* SceneDelegate.swift */; };
		189F70BC287D756100BAEDBE /* ViewController.swift in Sources */ = {isa = PBXBuildFile; fileRef = 189F70BB287D756100BAEDBE /* ViewController.swift */; };
		189F70BF287D756100BAEDBE /* Main.storyboard in Resources */ = {isa = PBXBuildFile; fileRef = 189F70BD287D756100BAEDBE /* Main.storyboard */; };
		189F70C1287D756400BAEDBE /* Assets.xcassets in Resources */ = {isa = PBXBuildFile; fileRef = 189F70C0287D756400BAEDBE /* Assets.xcassets */; };
		189F70C4287D756400BAEDBE /* LaunchScreen.storyboard in Resources */ = {isa = PBXBuildFile; fileRef = 189F70C2287D756400BAEDBE /* LaunchScreen.storyboard */; };
		189F70CC287D758100BAEDBE /* Movie.swift in Sources */ = {isa = PBXBuildFile; fileRef = 189F70CB287D758100BAEDBE /* Movie.swift */; };
		189F70CE287D79A200BAEDBE /* MovieTableViewCell.swift in Sources */ = {isa = PBXBuildFile; fileRef = 189F70CD287D79A200BAEDBE /* MovieTableViewCell.swift */; };
		189F70D0287D872500BAEDBE /* DetailsViewController.swift in Sources */ = {isa = PBXBuildFile; fileRef = 189F70CF287D872500BAEDBE /* DetailsViewController.swift */; };
/* End PBXBuildFile section */

/* Begin PBXFileReference section */
		189F70B4287D756100BAEDBE /* HW15_Tamuna Cecxladze.app */ = {isa = PBXFileReference; explicitFileType = wrapper.application; includeInIndex = 0; path = "HW15_Tamuna Cecxladze.app"; sourceTree = BUILT_PRODUCTS_DIR; };
		189F70B7287D756100BAEDBE /* AppDelegate.swift */ = {isa = PBXFileReference; lastKnownFileType = sourcecode.swift; path = AppDelegate.swift; sourceTree = "<group>"; };
		189F70B9287D756100BAEDBE /* SceneDelegate.swift */ = {isa = PBXFileReference; lastKnownFileType = sourcecode.swift; path = SceneDelegate.swift; sourceTree = "<group>"; };
		189F70BB287D756100BAEDBE /* ViewController.swift */ = {isa = PBXFileReference; lastKnownFileType = sourcecode.swift; path = ViewController.swift; sourceTree = "<group>"; };
		189F70BE287D756100BAEDBE /* Base */ = {isa = PBXFileReference; lastKnownFileType = file.storyboard; name = Base; path = Base.lproj/Main.storyboard; sourceTree = "<group>"; };
		189F70C0287D756400BAEDBE /* Assets.xcassets */ = {isa = PBXFileReference; lastKnownFileType = folder.assetcatalog; path = Assets.xcassets; sourceTree = "<group>"; };
		189F70C3287D756400BAEDBE /* Base */ = {isa = PBXFileReference; lastKnownFileType = file.storyboard; name = Base; path = Base.lproj/LaunchScreen.storyboard; sourceTree = "<group>"; };
		189F70C5287D756400BAEDBE /* Info.plist */ = {isa = PBXFileReference; lastKnownFileType = text.plist.xml; path = Info.plist; sourceTree = "<group>"; };
		189F70CB287D758100BAEDBE /* Movie.swift */ = {isa = PBXFileReference; lastKnownFileType = sourcecode.swift; path = Movie.swift; sourceTree = "<group>"; };
		189F70CD287D79A200BAEDBE /* MovieTableViewCell.swift */ = {isa = PBXFileReference; lastKnownFileType = sourcecode.swift; path = MovieTableViewCell.swift; sourceTree = "<group>"; };
		189F70CF287D872500BAEDBE /* DetailsViewController.swift */ = {isa = PBXFileReference; lastKnownFileType = sourcecode.swift; path = DetailsViewController.swift; sourceTree = "<group>"; };
/* End PBXFileReference section */

/* Begin PBXFrameworksBuildPhase section */
		189F70B1287D756100BAEDBE /* Frameworks */ = {
			isa = PBXFrameworksBuildPhase;
			buildActionMask = 2147483647;
			files = (
			);
			runOnlyForDeploymentPostprocessing = 0;
		};
/* End PBXFrameworksBuildPhase section */

/* Begin PBXGroup section */
		189F70AB287D756100BAEDBE = {
			isa = PBXGroup;
			children = (
				189F70B6287D756100BAEDBE /* HW15_Tamuna Cecxladze */,
				189F70B5287D756100BAEDBE /* Products */,
			);
			sourceTree = "<group>";
		};
		189F70B5287D756100BAEDBE /* Products */ = {
			isa = PBXGroup;
			children = (
				189F70B4287D756100BAEDBE /* HW15_Tamuna Cecxladze.app */,
			);
			name = Products;
			sourceTree = "<group>";
		};
		189F70B6287D756100BAEDBE /* HW15_Tamuna Cecxladze */ = {
			isa = PBXGroup;
			children = (
				189F70B7287D756100BAEDBE /* AppDelegate.swift */,
				189F70B9287D756100BAEDBE /* SceneDelegate.swift */,
				189F70BB287D756100BAEDBE /* ViewController.swift */,
				189F70CD287D79A200BAEDBE /* MovieTableViewCell.swift */,
				189F70BD287D756100BAEDBE /* Main.storyboard */,
				189F70CF287D872500BAEDBE /* DetailsViewController.swift */,
				189F70CB287D758100BAEDBE /* Movie.swift */,
				189F70C0287D756400BAEDBE /* Assets.xcassets */,
				189F70C2287D756400BAEDBE /* LaunchScreen.storyboard */,
				189F70C5287D756400BAEDBE /* Info.plist */,
			);
			path = "HW15_Tamuna Cecxladze";
			sourceTree = "<group>";
		};
/* End PBXGroup section */

/* Begin PBXNativeTarget section */
		189F70B3287D756100BAEDBE /* HW15_Tamuna Cecxladze */ = {
			isa = PBXNativeTarget;
			buildConfigurationList = 189F70C8287D756400BAEDBE /* Build configuration list for PBXNativeTarget "HW15_Tamuna Cecxladze" */;
			buildPhases = (
				189F70B0287D756100BAEDBE /* Sources */,
				189F70B1287D756100BAEDBE /* Frameworks */,
				189F70B2287D756100BAEDBE /* Resources */,
			);
			buildRules = (
			);
			dependencies = (
			);
			name = "HW15_Tamuna Cecxladze";
			productName = "HW15_Tamuna Cecxladze";
			productReference = 189F70B4287D756100BAEDBE /* HW15_Tamuna Cecxladze.app */;
			productType = "com.apple.product-type.application";
		};
/* End PBXNativeTarget section */

/* Begin PBXProject section */
		189F70AC287D756100BAEDBE /* Project object */ = {
			isa = PBXProject;
			attributes = {
				BuildIndependentTargetsInParallel = 1;
				LastSwiftUpdateCheck = 1340;
				LastUpgradeCheck = 1340;
				TargetAttributes = {
					189F70B3287D756100BAEDBE = {
						CreatedOnToolsVersion = 13.4.1;
					};
				};
			};
			buildConfigurationList = 189F70AF287D756100BAEDBE /* Build configuration list for PBXProject "HW15_Tamuna Cecxladze" */;
			compatibilityVersion = "Xcode 13.0";
			developmentRegion = en;
			hasScannedForEncodings = 0;
			knownRegions = (
				en,
				Base,
			);
			mainGroup = 189F70AB287D756100BAEDBE;
			productRefGroup = 189F70B5287D756100BAEDBE /* Products */;
			projectDirPath = "";
			projectRoot = "";
			targets = (
				189F70B3287D756100BAEDBE /* HW15_Tamuna Cecxladze */,
			);
		};
/* End PBXProject section */

/* Begin PBXResourcesBuildPhase section */
		189F70B2287D756100BAEDBE /* Resources */ = {
			isa = PBXResourcesBuildPhase;
			buildActionMask = 2147483647;
			files = (
				189F70C4287D756400BAEDBE /* LaunchScreen.storyboard in Resources */,
				189F70C1287D756400BAEDBE /* Assets.xcassets in Resources */,
				189F70BF287D756100BAEDBE /* Main.storyboard in Resources */,
			);
			runOnlyForDeploymentPostprocessing = 0;
		};
/* End PBXResourcesBuildPhase section */

/* Begin PBXSourcesBuildPhase section */
		189F70B0287D756100BAEDBE /* Sources */ = {
			isa = PBXSourcesBuildPhase;
			buildActionMask = 2147483647;
			files = (
				189F70CE287D79A200BAEDBE /* MovieTableViewCell.swift in Sources */,
				189F70BC287D756100BAEDBE /* ViewController.swift in Sources */,
				189F70B8287D756100BAEDBE /* AppDelegate.swift in Sources */,
				189F70CC287D758100BAEDBE /* Movie.swift in Sources */,
				189F70BA287D756100BAEDBE /* SceneDelegate.swift in Sources */,
				189F70D0287D872500BAEDBE /* DetailsViewController.swift in Sources */,
			);
			runOnlyForDeploymentPostprocessing = 0;
		};
/* End PBXSourcesBuildPhase section */

/* Begin PBXVariantGroup section */
		189F70BD287D756100BAEDBE /* Main.storyboard */ = {
			isa = PBXVariantGroup;
			children = (
				189F70BE287D756100BAEDBE /* Base */,
			);
			name = Main.storyboard;
			sourceTree = "<group>";
		};
		189F70C2287D756400BAEDBE /* LaunchScreen.storyboard */ = {
			isa = PBXVariantGroup;
			children = (
				189F70C3287D756400BAEDBE /* Base */,
			);
			name = LaunchScreen.storyboard;
			sourceTree = "<group>";
		};
/* End PBXVariantGroup section */

/* Begin XCBuildConfiguration section */
		189F70C6287D756400BAEDBE /* Debug */ = {
			isa = XCBuildConfiguration;
			buildSettings = {
				ALWAYS_SEARCH_USER_PATHS = NO;
				CLANG_ANALYZER_NONNULL = YES;
				CLANG_ANALYZER_NUMBER_OBJECT_CONVERSION = YES_AGGRESSIVE;
				CLANG_CXX_LANGUAGE_STANDARD = "gnu++17";
				CLANG_ENABLE_MODULES = YES;
				CLANG_ENABLE_OBJC_ARC = YES;
				CLANG_ENABLE_OBJC_WEAK = YES;
				CLANG_WARN_BLOCK_CAPTURE_AUTORELEASING = YES;
				CLANG_WARN_BOOL_CONVERSION = YES;
				CLANG_WARN_COMMA = YES;
				CLANG_WARN_CONSTANT_CONVERSION = YES;
				CLANG_WARN_DEPRECATED_OBJC_IMPLEMENTATIONS = YES;
				CLANG_WARN_DIRECT_OBJC_ISA_USAGE = YES_ERROR;
				CLANG_WARN_DOCUMENTATION_COMMENTS = YES;
				CLANG_WARN_EMPTY_BODY = YES;
				CLANG_WARN_ENUM_CONVERSION = YES;
				CLANG_WARN_INFINITE_RECURSION = YES;
				CLANG_WARN_INT_CONVERSION = YES;
				CLANG_WARN_NON_LITERAL_NULL_CONVERSION = YES;
				CLANG_WARN_OBJC_IMPLICIT_RETAIN_SELF = YES;
				CLANG_WARN_OBJC_LITERAL_CONVERSION = YES;
				CLANG_WARN_OBJC_ROOT_CLASS = YES_ERROR;
				CLANG_WARN_QUOTED_INCLUDE_IN_FRAMEWORK_HEADER = YES;
				CLANG_WARN_RANGE_LOOP_ANALYSIS = YES;
				CLANG_WARN_STRICT_PROTOTYPES = YES;
				CLANG_WARN_SUSPICIOUS_MOVE = YES;
				CLANG_WARN_UNGUARDED_AVAILABILITY = YES_AGGRESSIVE;
				CLANG_WARN_UNREACHABLE_CODE = YES;
				CLANG_WARN__DUPLICATE_METHOD_MATCH = YES;
				COPY_PHASE_STRIP = NO;
				DEBUG_INFORMATION_FORMAT = dwarf;
				ENABLE_STRICT_OBJC_MSGSEND = YES;
				ENABLE_TESTABILITY = YES;
				GCC_C_LANGUAGE_STANDARD = gnu11;
				GCC_DYNAMIC_NO_PIC = NO;
				GCC_NO_COMMON_BLOCKS = YES;
				GCC_OPTIMIZATION_LEVEL = 0;
				GCC_PREPROCESSOR_DEFINITIONS = (
					"DEBUG=1",
					"$(inherited)",
				);
				GCC_WARN_64_TO_32_BIT_CONVERSION = YES;
				GCC_WARN_ABOUT_RETURN_TYPE = YES_ERROR;
				GCC_WARN_UNDECLARED_SELECTOR = YES;
				GCC_WARN_UNINITIALIZED_AUTOS = YES_AGGRESSIVE;
				GCC_WARN_UNUSED_FUNCTION = YES;
				GCC_WARN_UNUSED_VARIABLE = YES;
				IPHONEOS_DEPLOYMENT_TARGET = 15.5;
				MTL_ENABLE_DEBUG_INFO = INCLUDE_SOURCE;
				MTL_FAST_MATH = YES;
				ONLY_ACTIVE_ARCH = YES;
				SDKROOT = iphoneos;
				SWIFT_ACTIVE_COMPILATION_CONDITIONS = DEBUG;
				SWIFT_OPTIMIZATION_LEVEL = "-Onone";
			};
			name = Debug;
		};
		189F70C7287D756400BAEDBE /* Release */ = {
			isa = XCBuildConfiguration;
			buildSettings = {
				ALWAYS_SEARCH_USER_PATHS = NO;
				CLANG_ANALYZER_NONNULL = YES;
				CLANG_ANALYZER_NUMBER_OBJECT_CONVERSION = YES_AGGRESSIVE;
				CLANG_CXX_LANGUAGE_STANDARD = "gnu++17";
				CLANG_ENABLE_MODULES = YES;
				CLANG_ENABLE_OBJC_ARC = YES;
				CLANG_ENABLE_OBJC_WEAK = YES;
				CLANG_WARN_BLOCK_CAPTURE_AUTORELEASING = YES;
				CLANG_WARN_BOOL_CONVERSION = YES;
				CLANG_WARN_COMMA = YES;
				CLANG_WARN_CONSTANT_CONVERSION = YES;
				CLANG_WARN_DEPRECATED_OBJC_IMPLEMENTATIONS = YES;
				CLANG_WARN_DIRECT_OBJC_ISA_USAGE = YES_ERROR;
				CLANG_WARN_DOCUMENTATION_COMMENTS = YES;
				CLANG_WARN_EMPTY_BODY = YES;
				CLANG_WARN_ENUM_CONVERSION = YES;
				CLANG_WARN_INFINITE_RECURSION = YES;
				CLANG_WARN_INT_CONVERSION = YES;
				CLANG_WARN_NON_LITERAL_NULL_CONVERSION = YES;
				CLANG_WARN_OBJC_IMPLICIT_RETAIN_SELF = YES;
				CLANG_WARN_OBJC_LITERAL_CONVERSION = YES;
				CLANG_WARN_OBJC_ROOT_CLASS = YES_ERROR;
				CLANG_WARN_QUOTED_INCLUDE_IN_FRAMEWORK_HEADER = YES;
				CLANG_WARN_RANGE_LOOP_ANALYSIS = YES;
				CLANG_WARN_STRICT_PROTOTYPES = YES;
				CLANG_WARN_SUSPICIOUS_MOVE = YES;
				CLANG_WARN_UNGUARDED_AVAILABILITY = YES_AGGRESSIVE;
				CLANG_WARN_UNREACHABLE_CODE = YES;
				CLANG_WARN__DUPLICATE_METHOD_MATCH = YES;
				COPY_PHASE_STRIP = NO;
				DEBUG_INFORMATION_FORMAT = "dwarf-with-dsym";
				ENABLE_NS_ASSERTIONS = NO;
				ENABLE_STRICT_OBJC_MSGSEND = YES;
				GCC_C_LANGUAGE_STANDARD = gnu11;
				GCC_NO_COMMON_BLOCKS = YES;
				GCC_WARN_64_TO_32_BIT_CONVERSION = YES;
				GCC_WARN_ABOUT_RETURN_TYPE = YES_ERROR;
				GCC_WARN_UNDECLARED_SELECTOR = YES;
				GCC_WARN_UNINITIALIZED_AUTOS = YES_AGGRESSIVE;
				GCC_WARN_UNUSED_FUNCTION = YES;
				GCC_WARN_UNUSED_VARIABLE = YES;
				IPHONEOS_DEPLOYMENT_TARGET = 15.5;
				MTL_ENABLE_DEBUG_INFO = NO;
				MTL_FAST_MATH = YES;
				SDKROOT = iphoneos;
				SWIFT_COMPILATION_MODE = wholemodule;
				SWIFT_OPTIMIZATION_LEVEL = "-O";
				VALIDATE_PRODUCT = YES;
			};
			name = Release;
		};
		189F70C9287D756400BAEDBE /* Debug */ = {
			isa = XCBuildConfiguration;
			buildSettings = {
				ASSETCATALOG_COMPILER_APPICON_NAME = AppIcon;
				ASSETCATALOG_COMPILER_GLOBAL_ACCENT_COLOR_NAME = AccentColor;
				CODE_SIGN_STYLE = Automatic;
				CURRENT_PROJECT_VERSION = 1;
				DEVELOPMENT_TEAM = 7768NS78KS;
				GENERATE_INFOPLIST_FILE = YES;
				INFOPLIST_FILE = "HW15_Tamuna Cecxladze/Info.plist";
				INFOPLIST_KEY_UIApplicationSupportsIndirectInputEvents = YES;
				INFOPLIST_KEY_UILaunchStoryboardName = LaunchScreen;
				INFOPLIST_KEY_UIMainStoryboardFile = Main;
				INFOPLIST_KEY_UISupportedInterfaceOrientations_iPad = "UIInterfaceOrientationPortrait UIInterfaceOrientationPortraitUpsideDown UIInterfaceOrientationLandscapeLeft UIInterfaceOrientationLandscapeRight";
				INFOPLIST_KEY_UISupportedInterfaceOrientations_iPhone = "UIInterfaceOrientationPortrait UIInterfaceOrientationLandscapeLeft UIInterfaceOrientationLandscapeRight";
				LD_RUNPATH_SEARCH_PATHS = (
					"$(inherited)",
					"@executable_path/Frameworks",
				);
				MARKETING_VERSION = 1.0;
				PRODUCT_BUNDLE_IDENTIFIER = "com.tbcLectures.HW15-Tamuna-Cecxladze";
				PRODUCT_NAME = "$(TARGET_NAME)";
				SWIFT_EMIT_LOC_STRINGS = YES;
				SWIFT_VERSION = 5.0;
				TARGETED_DEVICE_FAMILY = "1,2";
			};
			name = Debug;
		};
		189F70CA287D756400BAEDBE /* Release */ = {
			isa = XCBuildConfiguration;
			buildSettings = {
				ASSETCATALOG_COMPILER_APPICON_NAME = AppIcon;
				ASSETCATALOG_COMPILER_GLOBAL_ACCENT_COLOR_NAME = AccentColor;
				CODE_SIGN_STYLE = Automatic;
				CURRENT_PROJECT_VERSION = 1;
				DEVELOPMENT_TEAM = 7768NS78KS;
				GENERATE_INFOPLIST_FILE = YES;
				INFOPLIST_FILE = "HW15_Tamuna Cecxladze/Info.plist";
				INFOPLIST_KEY_UIApplicationSupportsIndirectInputEvents = YES;
				INFOPLIST_KEY_UILaunchStoryboardName = LaunchScreen;
				INFOPLIST_KEY_UIMainStoryboardFile = Main;
				INFOPLIST_KEY_UISupportedInterfaceOrientations_iPad = "UIInterfaceOrientationPortrait UIInterfaceOrientationPortraitUpsideDown UIInterfaceOrientationLandscapeLeft UIInterfaceOrientationLandscapeRight";
				INFOPLIST_KEY_UISupportedInterfaceOrientations_iPhone = "UIInterfaceOrientationPortrait UIInterfaceOrientationLandscapeLeft UIInterfaceOrientationLandscapeRight";
				LD_RUNPATH_SEARCH_PATHS = (
					"$(inherited)",
					"@executable_path/Frameworks",
				);
				MARKETING_VERSION = 1.0;
				PRODUCT_BUNDLE_IDENTIFIER = "com.tbcLectures.HW15-Tamuna-Cecxladze";
				PRODUCT_NAME = "$(TARGET_NAME)";
				SWIFT_EMIT_LOC_STRINGS = YES;
				SWIFT_VERSION = 5.0;
				TARGETED_DEVICE_FAMILY = "1,2";
			};
			name = Release;
		};
/* End XCBuildConfiguration section */

/* Begin XCConfigurationList section */
		189F70AF287D756100BAEDBE /* Build configuration list for PBXProject "HW15_Tamuna Cecxladze" */ = {
			isa = XCConfigurationList;
			buildConfigurations = (
				189F70C6287D756400BAEDBE /* Debug */,
				189F70C7287D756400BAEDBE /* Release */,
			);
			defaultConfigurationIsVisible = 0;
			defaultConfigurationName = Release;
		};
		189F70C8287D756400BAEDBE /* Build configuration list for PBXNativeTarget "HW15_Tamuna Cecxladze" */ = {
			isa = XCConfigurationList;
			buildConfigurations = (
				189F70C9287D756400BAEDBE /* Debug */,
				189F70CA287D756400BAEDBE /* Release */,
			);
			defaultConfigurationIsVisible = 0;
			defaultConfigurationName = Release;
		};
/* End XCConfigurationList section */
	};
	rootObject = 189F70AC287D756100BAEDBE /* Project object */;
}
